
Microsoft Visual Studio Solution File, Format Version 12.00
# Visual Studio Version 17
VisualStudioVersion = 17.14.36429.23
MinimumVisualStudioVersion = 10.0.40219.1
Project("{FAE04EC0-301F-11D3-BF4B-00C04F79EFBC}") = "Webshop_Berchtold", "Webshop_Berchtold.csproj", "{538D1569-B69E-4ED3-846B-70FB8E208017}"
EndProject
Global
	GlobalSection(SolutionConfigurationPlatforms) = preSolution
		Debug|Any CPU = Debug|Any CPU
		Release|Any CPU = Release|Any CPU
	EndGlobalSection
	GlobalSection(ProjectConfigurationPlatforms) = postSolution
		{538D1569-B69E-4ED3-846B-70FB8E208017}.Debug|Any CPU.ActiveCfg = Debug|Any CPU
		{538D1569-B69E-4ED3-846B-70FB8E208017}.Debug|Any CPU.Build.0 = Debug|Any CPU
		{538D1569-B69E-4ED3-846B-70FB8E208017}.Release|Any CPU.ActiveCfg = Release|Any CPU
		{538D1569-B69E-4ED3-846B-70FB8E208017}.Release|Any CPU.Build.0 = Release|Any CPU
	EndGlobalSection
	GlobalSection(SolutionProperties) = preSolution
		HideSolutionNode = FALSE
	EndGlobalSection
	GlobalSection(ExtensibilityGlobals) = postSolution
		SolutionGuid = {6E81BE9E-4293-4E73-8599-49917FDED5CD}
	EndGlobalSection
EndGlobal
