
Microsoft Visual Studio Solution File, Format Version 12.00
# Visual Studio Version 17
VisualStudioVersion = 17.14.36429.23 d17.14
MinimumVisualStudioVersion = 10.0.40219.1
Project("{FAE04EC0-301F-11D3-BF4B-00C04F79EFBC}") = "WebShop_BerchtoldHolzbauPlan", "WebShop_BerchtoldHolzbauPlan.csproj", "{68B5B050-5676-46E2-95F4-BBE85623598E}"
EndProject
Global
	GlobalSection(SolutionConfigurationPlatforms) = preSolution
		Debug|Any CPU = Debug|Any CPU
		Release|Any CPU = Release|Any CPU
	EndGlobalSection
	GlobalSection(ProjectConfigurationPlatforms) = postSolution
		{68B5B050-5676-46E2-95F4-BBE85623598E}.Debug|Any CPU.ActiveCfg = Debug|Any CPU
		{68B5B050-5676-46E2-95F4-BBE85623598E}.Debug|Any CPU.Build.0 = Debug|Any CPU
		{68B5B050-5676-46E2-95F4-BBE85623598E}.Release|Any CPU.ActiveCfg = Release|Any CPU
		{68B5B050-5676-46E2-95F4-BBE85623598E}.Release|Any CPU.Build.0 = Release|Any CPU
	EndGlobalSection
	GlobalSection(SolutionProperties) = preSolution
		HideSolutionNode = FALSE
	EndGlobalSection
	GlobalSection(ExtensibilityGlobals) = postSolution
		SolutionGuid = {24E65172-2740-44B4-9C54-E4866B6383FF}
	EndGlobalSection
EndGlobal
